
Microsoft Visual Studio Solution File, Format Version 12.00
# Visual Studio Version 17
VisualStudioVersion = 17.11.35327.3
MinimumVisualStudioVersion = 10.0.40219.1
Project("{FAE04EC0-301F-11D3-BF4B-00C04F79EFBC}") = "pr3", "pr3\pr3.csproj", "{AE4E028F-8339-461E-B247-9A4E35157AF6}"
EndProject
Global
	GlobalSection(SolutionConfigurationPlatforms) = preSolution
		Debug|Any CPU = Debug|Any CPU
		Release|Any CPU = Release|Any CPU
	EndGlobalSection
	GlobalSection(ProjectConfigurationPlatforms) = postSolution
		{AE4E028F-8339-461E-B247-9A4E35157AF6}.Debug|Any CPU.ActiveCfg = Debug|Any CPU
		{AE4E028F-8339-461E-B247-9A4E35157AF6}.Debug|Any CPU.Build.0 = Debug|Any CPU
		{AE4E028F-8339-461E-B247-9A4E35157AF6}.Release|Any CPU.ActiveCfg = Release|Any CPU
		{AE4E028F-8339-461E-B247-9A4E35157AF6}.Release|Any CPU.Build.0 = Release|Any CPU
	EndGlobalSection
	GlobalSection(SolutionProperties) = preSolution
		HideSolutionNode = FALSE
	EndGlobalSection
	GlobalSection(ExtensibilityGlobals) = postSolution
		SolutionGuid = {8170D39E-FB81-4A83-A19B-C5F560E81084}
	EndGlobalSection
EndGlobal
